
Microsoft Visual Studio Solution File, Format Version 12.00
# Visual Studio Version 17
VisualStudioVersion = 17.5.33424.131
MinimumVisualStudioVersion = 10.0.40219.1
Project("{9A19103F-16F7-4668-BE54-9A1E7A4F7556}") = "BulkAccount", "BulkAccount\BulkAccount.csproj", "{4165F827-C8A5-4D3D-AF70-7FC97D9550A7}"
EndProject
Global
	GlobalSection(SolutionConfigurationPlatforms) = preSolution
		Debug|Any CPU = Debug|Any CPU
		Release|Any CPU = Release|Any CPU
	EndGlobalSection
	GlobalSection(ProjectConfigurationPlatforms) = postSolution
		{4165F827-C8A5-4D3D-AF70-7FC97D9550A7}.Debug|Any CPU.ActiveCfg = Debug|Any CPU
		{4165F827-C8A5-4D3D-AF70-7FC97D9550A7}.Debug|Any CPU.Build.0 = Debug|Any CPU
		{4165F827-C8A5-4D3D-AF70-7FC97D9550A7}.Release|Any CPU.ActiveCfg = Release|Any CPU
		{4165F827-C8A5-4D3D-AF70-7FC97D9550A7}.Release|Any CPU.Build.0 = Release|Any CPU
	EndGlobalSection
	GlobalSection(SolutionProperties) = preSolution
		HideSolutionNode = FALSE
	EndGlobalSection
	GlobalSection(ExtensibilityGlobals) = postSolution
		SolutionGuid = {3AE8A581-81CB-4831-9738-121CED40B06B}
	EndGlobalSection
EndGlobal
